
Microsoft Visual Studio Solution File, Format Version 12.00
# Visual Studio Version 16
VisualStudioVersion = 16.0.31313.79
MinimumVisualStudioVersion = 10.0.40219.1
Project("{FAE04EC0-301F-11D3-BF4B-00C04F79EFBC}") = "QuickTest.SeleniumDriver", "QuickTest.SeleniumDriver\QuickTest.SeleniumDriver.csproj", "{A8711381-2628-4174-8956-531E8E2C8E53}"
EndProject
Project("{FAE04EC0-301F-11D3-BF4B-00C04F79EFBC}") = "DataAccess", "DataAccess\DataAccess.csproj", "{D85537AA-A6DB-4B34-B987-61C6C4B2A9FB}"
EndProject
Global
	GlobalSection(SolutionConfigurationPlatforms) = preSolution
		Debug|Any CPU = Debug|Any CPU
		Release|Any CPU = Release|Any CPU
	EndGlobalSection
	GlobalSection(ProjectConfigurationPlatforms) = postSolution
		{A8711381-2628-4174-8956-531E8E2C8E53}.Debug|Any CPU.ActiveCfg = Debug|Any CPU
		{A8711381-2628-4174-8956-531E8E2C8E53}.Debug|Any CPU.Build.0 = Debug|Any CPU
		{A8711381-2628-4174-8956-531E8E2C8E53}.Release|Any CPU.ActiveCfg = Release|Any CPU
		{A8711381-2628-4174-8956-531E8E2C8E53}.Release|Any CPU.Build.0 = Release|Any CPU
		{D85537AA-A6DB-4B34-B987-61C6C4B2A9FB}.Debug|Any CPU.ActiveCfg = Debug|Any CPU
		{D85537AA-A6DB-4B34-B987-61C6C4B2A9FB}.Debug|Any CPU.Build.0 = Debug|Any CPU
		{D85537AA-A6DB-4B34-B987-61C6C4B2A9FB}.Release|Any CPU.ActiveCfg = Release|Any CPU
		{D85537AA-A6DB-4B34-B987-61C6C4B2A9FB}.Release|Any CPU.Build.0 = Release|Any CPU
	EndGlobalSection
	GlobalSection(SolutionProperties) = preSolution
		HideSolutionNode = FALSE
	EndGlobalSection
	GlobalSection(ExtensibilityGlobals) = postSolution
		SolutionGuid = {443B0664-0611-4AB6-A448-AA2E391DC6A0}
	EndGlobalSection
EndGlobal
